
Microsoft Visual Studio Solution File, Format Version 12.00
# Visual Studio Version 17
VisualStudioVersion = 17.14.36109.1 d17.14
MinimumVisualStudioVersion = 10.0.40219.1
Project("{FAE04EC0-301F-11D3-BF4B-00C04F79EFBC}") = "AppWebHotelBeach", "AppWebHotelBeach.csproj", "{F860F87B-84DB-4A28-B5FD-179507955552}"
EndProject
Global
	GlobalSection(SolutionConfigurationPlatforms) = preSolution
		Debug|Any CPU = Debug|Any CPU
		Release|Any CPU = Release|Any CPU
	EndGlobalSection
	GlobalSection(ProjectConfigurationPlatforms) = postSolution
		{F860F87B-84DB-4A28-B5FD-179507955552}.Debug|Any CPU.ActiveCfg = Debug|Any CPU
		{F860F87B-84DB-4A28-B5FD-179507955552}.Debug|Any CPU.Build.0 = Debug|Any CPU
		{F860F87B-84DB-4A28-B5FD-179507955552}.Release|Any CPU.ActiveCfg = Release|Any CPU
		{F860F87B-84DB-4A28-B5FD-179507955552}.Release|Any CPU.Build.0 = Release|Any CPU
	EndGlobalSection
	GlobalSection(SolutionProperties) = preSolution
		HideSolutionNode = FALSE
	EndGlobalSection
	GlobalSection(ExtensibilityGlobals) = postSolution
		SolutionGuid = {3F76BBFE-205D-4752-A21C-FC9C2B7652B6}
	EndGlobalSection
EndGlobal
